// !$*UTF8*$!
{
	archiveVersion = 1;
	classes = {
	};
	objectVersion = 56;
	objects = {

/* Begin PBXBuildFile section */
		6F1CA66F2A91414700587D81 /* FileClient.swift in Sources */ = {isa = PBXBuildFile; fileRef = 6F1CA66E2A91414700587D81 /* FileClient.swift */; };
		6F1CA6712A9141AA00587D81 /* FileClient+LiveKey.swift in Sources */ = {isa = PBXBuildFile; fileRef = 6F1CA6702A9141AA00587D81 /* FileClient+LiveKey.swift */; };
		6F1CA6782A9144F300587D81 /* Models.swift in Sources */ = {isa = PBXBuildFile; fileRef = 6F1CA6772A9144F300587D81 /* Models.swift */; };
		6F1FD9322A91CF1D006E7987 /* ColorPanel.swift in Sources */ = {isa = PBXBuildFile; fileRef = 6F1FD9312A91CF1D006E7987 /* ColorPanel.swift */; };
		6F543AF72A90A75B00D01DF3 /* Todos.swift in Sources */ = {isa = PBXBuildFile; fileRef = 6F543AF62A90A75B00D01DF3 /* Todos.swift */; };
		6F543AF92A90A7D900D01DF3 /* TimeBox.swift in Sources */ = {isa = PBXBuildFile; fileRef = 6F543AF82A90A7D900D01DF3 /* TimeBox.swift */; };
		6F543AFB2A90AED200D01DF3 /* Todo.swift in Sources */ = {isa = PBXBuildFile; fileRef = 6F543AFA2A90AED200D01DF3 /* Todo.swift */; };
		6F543AFF2A90C16A00D01DF3 /* Event.swift in Sources */ = {isa = PBXBuildFile; fileRef = 6F543AFE2A90C16A00D01DF3 /* Event.swift */; };
		6F81A42F2A908E480087F543 /* TimeBoxApp.swift in Sources */ = {isa = PBXBuildFile; fileRef = 6F81A42E2A908E480087F543 /* TimeBoxApp.swift */; };
		6F81A4332A908E490087F543 /* Assets.xcassets in Resources */ = {isa = PBXBuildFile; fileRef = 6F81A4322A908E490087F543 /* Assets.xcassets */; };
		6F81A4362A908E490087F543 /* Preview Assets.xcassets in Resources */ = {isa = PBXBuildFile; fileRef = 6F81A4352A908E490087F543 /* Preview Assets.xcassets */; };
		6F81A43E2A9097C40087F543 /* ComposableArchitecture in Frameworks */ = {isa = PBXBuildFile; productRef = 6F81A43D2A9097C40087F543 /* ComposableArchitecture */; };
/* End PBXBuildFile section */

/* Begin PBXFileReference section */
		6F1CA66E2A91414700587D81 /* FileClient.swift */ = {isa = PBXFileReference; lastKnownFileType = sourcecode.swift; path = FileClient.swift; sourceTree = "<group>"; };
		6F1CA6702A9141AA00587D81 /* FileClient+LiveKey.swift */ = {isa = PBXFileReference; lastKnownFileType = sourcecode.swift; path = "FileClient+LiveKey.swift"; sourceTree = "<group>"; };
		6F1CA6772A9144F300587D81 /* Models.swift */ = {isa = PBXFileReference; lastKnownFileType = sourcecode.swift; path = Models.swift; sourceTree = "<group>"; };
		6F1FD9312A91CF1D006E7987 /* ColorPanel.swift */ = {isa = PBXFileReference; lastKnownFileType = sourcecode.swift; path = ColorPanel.swift; sourceTree = "<group>"; };
		6F543AF62A90A75B00D01DF3 /* Todos.swift */ = {isa = PBXFileReference; lastKnownFileType = sourcecode.swift; path = Todos.swift; sourceTree = "<group>"; };
		6F543AF82A90A7D900D01DF3 /* TimeBox.swift */ = {isa = PBXFileReference; lastKnownFileType = sourcecode.swift; path = TimeBox.swift; sourceTree = "<group>"; };
		6F543AFA2A90AED200D01DF3 /* Todo.swift */ = {isa = PBXFileReference; lastKnownFileType = sourcecode.swift; path = Todo.swift; sourceTree = "<group>"; };
		6F543AFE2A90C16A00D01DF3 /* Event.swift */ = {isa = PBXFileReference; lastKnownFileType = sourcecode.swift; path = Event.swift; sourceTree = "<group>"; };
		6F81A42B2A908E480087F543 /* TimeBox.app */ = {isa = PBXFileReference; explicitFileType = wrapper.application; includeInIndex = 0; path = TimeBox.app; sourceTree = BUILT_PRODUCTS_DIR; };
		6F81A42E2A908E480087F543 /* TimeBoxApp.swift */ = {isa = PBXFileReference; lastKnownFileType = sourcecode.swift; path = TimeBoxApp.swift; sourceTree = "<group>"; };
		6F81A4322A908E490087F543 /* Assets.xcassets */ = {isa = PBXFileReference; lastKnownFileType = folder.assetcatalog; path = Assets.xcassets; sourceTree = "<group>"; };
		6F81A4352A908E490087F543 /* Preview Assets.xcassets */ = {isa = PBXFileReference; lastKnownFileType = folder.assetcatalog; path = "Preview Assets.xcassets"; sourceTree = "<group>"; };
/* End PBXFileReference section */

/* Begin PBXFrameworksBuildPhase section */
		6F81A4282A908E480087F543 /* Frameworks */ = {
			isa = PBXFrameworksBuildPhase;
			buildActionMask = 2147483647;
			files = (
				6F81A43E2A9097C40087F543 /* ComposableArchitecture in Frameworks */,
			);
			runOnlyForDeploymentPostprocessing = 0;
		};
/* End PBXFrameworksBuildPhase section */

/* Begin PBXGroup section */
		6F1CA66D2A91413900587D81 /* FileClient */ = {
			isa = PBXGroup;
			children = (
				6F1CA66E2A91414700587D81 /* FileClient.swift */,
				6F1CA6702A9141AA00587D81 /* FileClient+LiveKey.swift */,
			);
			path = FileClient;
			sourceTree = "<group>";
		};
		6F1CA6762A9144E900587D81 /* Models */ = {
			isa = PBXGroup;
			children = (
				6F1CA6772A9144F300587D81 /* Models.swift */,
			);
			path = Models;
			sourceTree = "<group>";
		};
		6F1FD9342A91D956006E7987 /* Views */ = {
			isa = PBXGroup;
			children = (
				6F1FD9312A91CF1D006E7987 /* ColorPanel.swift */,
			);
			path = Views;
			sourceTree = "<group>";
		};
		6F543AFC2A90B2C300D01DF3 /* Todos */ = {
			isa = PBXGroup;
			children = (
				6F543AF62A90A75B00D01DF3 /* Todos.swift */,
				6F543AFA2A90AED200D01DF3 /* Todo.swift */,
			);
			path = Todos;
			sourceTree = "<group>";
		};
		6F543AFD2A90B54700D01DF3 /* TimeBox */ = {
			isa = PBXGroup;
			children = (
				6F543AF82A90A7D900D01DF3 /* TimeBox.swift */,
				6F543AFE2A90C16A00D01DF3 /* Event.swift */,
			);
			path = TimeBox;
			sourceTree = "<group>";
		};
		6F81A4222A908E480087F543 = {
			isa = PBXGroup;
			children = (
				6F81A42D2A908E480087F543 /* TimeBox */,
				6F81A42C2A908E480087F543 /* Products */,
			);
			sourceTree = "<group>";
		};
		6F81A42C2A908E480087F543 /* Products */ = {
			isa = PBXGroup;
			children = (
				6F81A42B2A908E480087F543 /* TimeBox.app */,
			);
			name = Products;
			sourceTree = "<group>";
		};
		6F81A42D2A908E480087F543 /* TimeBox */ = {
			isa = PBXGroup;
			children = (
				6F81A42E2A908E480087F543 /* TimeBoxApp.swift */,
				6F543AFC2A90B2C300D01DF3 /* Todos */,
				6F543AFD2A90B54700D01DF3 /* TimeBox */,
				6F1CA66D2A91413900587D81 /* FileClient */,
				6F1CA6762A9144E900587D81 /* Models */,
				6F1FD9342A91D956006E7987 /* Views */,
				6F81A4322A908E490087F543 /* Assets.xcassets */,
				6F81A4342A908E490087F543 /* Preview Content */,
			);
			path = TimeBox;
			sourceTree = "<group>";
		};
		6F81A4342A908E490087F543 /* Preview Content */ = {
			isa = PBXGroup;
			children = (
				6F81A4352A908E490087F543 /* Preview Assets.xcassets */,
			);
			path = "Preview Content";
			sourceTree = "<group>";
		};
/* End PBXGroup section */

/* Begin PBXNativeTarget section */
		6F81A42A2A908E480087F543 /* TimeBox */ = {
			isa = PBXNativeTarget;
			buildConfigurationList = 6F81A4392A908E490087F543 /* Build configuration list for PBXNativeTarget "TimeBox" */;
			buildPhases = (
				6F81A4272A908E480087F543 /* Sources */,
				6F81A4282A908E480087F543 /* Frameworks */,
				6F81A4292A908E480087F543 /* Resources */,
			);
			buildRules = (
			);
			dependencies = (
			);
			name = TimeBox;
			packageProductDependencies = (
				6F81A43D2A9097C40087F543 /* ComposableArchitecture */,
			);
			productName = TimeBox;
			productReference = 6F81A42B2A908E480087F543 /* TimeBox.app */;
			productType = "com.apple.product-type.application";
		};
/* End PBXNativeTarget section */

/* Begin PBXProject section */
		6F81A4232A908E480087F543 /* Project object */ = {
			isa = PBXProject;
			attributes = {
				BuildIndependentTargetsInParallel = 1;
				LastSwiftUpdateCheck = 1430;
				LastUpgradeCheck = 1430;
				TargetAttributes = {
					6F81A42A2A908E480087F543 = {
						CreatedOnToolsVersion = 14.3.1;
					};
				};
			};
			buildConfigurationList = 6F81A4262A908E480087F543 /* Build configuration list for PBXProject "TimeBox" */;
			compatibilityVersion = "Xcode 14.0";
			developmentRegion = en;
			hasScannedForEncodings = 0;
			knownRegions = (
				en,
				Base,
			);
			mainGroup = 6F81A4222A908E480087F543;
			packageReferences = (
				6F81A43C2A9097C40087F543 /* XCRemoteSwiftPackageReference "swift-composable-architecture" */,
			);
			productRefGroup = 6F81A42C2A908E480087F543 /* Products */;
			projectDirPath = "";
			projectRoot = "";
			targets = (
				6F81A42A2A908E480087F543 /* TimeBox */,
			);
		};
/* End PBXProject section */

/* Begin PBXResourcesBuildPhase section */
		6F81A4292A908E480087F543 /* Resources */ = {
			isa = PBXResourcesBuildPhase;
			buildActionMask = 2147483647;
			files = (
				6F81A4362A908E490087F543 /* Preview Assets.xcassets in Resources */,
				6F81A4332A908E490087F543 /* Assets.xcassets in Resources */,
			);
			runOnlyForDeploymentPostprocessing = 0;
		};
/* End PBXResourcesBuildPhase section */

/* Begin PBXSourcesBuildPhase section */
		6F81A4272A908E480087F543 /* Sources */ = {
			isa = PBXSourcesBuildPhase;
			buildActionMask = 2147483647;
			files = (
				6F1FD9322A91CF1D006E7987 /* ColorPanel.swift in Sources */,
				6F543AF72A90A75B00D01DF3 /* Todos.swift in Sources */,
				6F81A42F2A908E480087F543 /* TimeBoxApp.swift in Sources */,
				6F1CA6712A9141AA00587D81 /* FileClient+LiveKey.swift in Sources */,
				6F1CA6782A9144F300587D81 /* Models.swift in Sources */,
				6F543AFF2A90C16A00D01DF3 /* Event.swift in Sources */,
				6F543AF92A90A7D900D01DF3 /* TimeBox.swift in Sources */,
				6F1CA66F2A91414700587D81 /* FileClient.swift in Sources */,
				6F543AFB2A90AED200D01DF3 /* Todo.swift in Sources */,
			);
			runOnlyForDeploymentPostprocessing = 0;
		};
/* End PBXSourcesBuildPhase section */

/* Begin XCBuildConfiguration section */
		6F81A4372A908E490087F543 /* Debug */ = {
			isa = XCBuildConfiguration;
			buildSettings = {
				ALWAYS_SEARCH_USER_PATHS = NO;
				CLANG_ANALYZER_NONNULL = YES;
				CLANG_ANALYZER_NUMBER_OBJECT_CONVERSION = YES_AGGRESSIVE;
				CLANG_CXX_LANGUAGE_STANDARD = "gnu++20";
				CLANG_ENABLE_MODULES = YES;
				CLANG_ENABLE_OBJC_ARC = YES;
				CLANG_ENABLE_OBJC_WEAK = YES;
				CLANG_WARN_BLOCK_CAPTURE_AUTORELEASING = YES;
				CLANG_WARN_BOOL_CONVERSION = YES;
				CLANG_WARN_COMMA = YES;
				CLANG_WARN_CONSTANT_CONVERSION = YES;
				CLANG_WARN_DEPRECATED_OBJC_IMPLEMENTATIONS = YES;
				CLANG_WARN_DIRECT_OBJC_ISA_USAGE = YES_ERROR;
				CLANG_WARN_DOCUMENTATION_COMMENTS = YES;
				CLANG_WARN_EMPTY_BODY = YES;
				CLANG_WARN_ENUM_CONVERSION = YES;
				CLANG_WARN_INFINITE_RECURSION = YES;
				CLANG_WARN_INT_CONVERSION = YES;
				CLANG_WARN_NON_LITERAL_NULL_CONVERSION = YES;
				CLANG_WARN_OBJC_IMPLICIT_RETAIN_SELF = YES;
				CLANG_WARN_OBJC_LITERAL_CONVERSION = YES;
				CLANG_WARN_OBJC_ROOT_CLASS = YES_ERROR;
				CLANG_WARN_QUOTED_INCLUDE_IN_FRAMEWORK_HEADER = YES;
				CLANG_WARN_RANGE_LOOP_ANALYSIS = YES;
				CLANG_WARN_STRICT_PROTOTYPES = YES;
				CLANG_WARN_SUSPICIOUS_MOVE = YES;
				CLANG_WARN_UNGUARDED_AVAILABILITY = YES_AGGRESSIVE;
				CLANG_WARN_UNREACHABLE_CODE = YES;
				CLANG_WARN__DUPLICATE_METHOD_MATCH = YES;
				COPY_PHASE_STRIP = NO;
				DEBUG_INFORMATION_FORMAT = dwarf;
				ENABLE_STRICT_OBJC_MSGSEND = YES;
				ENABLE_TESTABILITY = YES;
				GCC_C_LANGUAGE_STANDARD = gnu11;
				GCC_DYNAMIC_NO_PIC = NO;
				GCC_NO_COMMON_BLOCKS = YES;
				GCC_OPTIMIZATION_LEVEL = 0;
				GCC_PREPROCESSOR_DEFINITIONS = (
					"DEBUG=1",
					"$(inherited)",
				);
				GCC_WARN_64_TO_32_BIT_CONVERSION = YES;
				GCC_WARN_ABOUT_RETURN_TYPE = YES_ERROR;
				GCC_WARN_UNDECLARED_SELECTOR = YES;
				GCC_WARN_UNINITIALIZED_AUTOS = YES_AGGRESSIVE;
				GCC_WARN_UNUSED_FUNCTION = YES;
				GCC_WARN_UNUSED_VARIABLE = YES;
				IPHONEOS_DEPLOYMENT_TARGET = 16.0;
				MTL_ENABLE_DEBUG_INFO = INCLUDE_SOURCE;
				MTL_FAST_MATH = YES;
				ONLY_ACTIVE_ARCH = YES;
				SDKROOT = iphoneos;
				SWIFT_ACTIVE_COMPILATION_CONDITIONS = DEBUG;
				SWIFT_OPTIMIZATION_LEVEL = "-Onone";
			};
			name = Debug;
		};
		6F81A4382A908E490087F543 /* Release */ = {
			isa = XCBuildConfiguration;
			buildSettings = {
				ALWAYS_SEARCH_USER_PATHS = NO;
				CLANG_ANALYZER_NONNULL = YES;
				CLANG_ANALYZER_NUMBER_OBJECT_CONVERSION = YES_AGGRESSIVE;
				CLANG_CXX_LANGUAGE_STANDARD = "gnu++20";
				CLANG_ENABLE_MODULES = YES;
				CLANG_ENABLE_OBJC_ARC = YES;
				CLANG_ENABLE_OBJC_WEAK = YES;
				CLANG_WARN_BLOCK_CAPTURE_AUTORELEASING = YES;
				CLANG_WARN_BOOL_CONVERSION = YES;
				CLANG_WARN_COMMA = YES;
				CLANG_WARN_CONSTANT_CONVERSION = YES;
				CLANG_WARN_DEPRECATED_OBJC_IMPLEMENTATIONS = YES;
				CLANG_WARN_DIRECT_OBJC_ISA_USAGE = YES_ERROR;
				CLANG_WARN_DOCUMENTATION_COMMENTS = YES;
				CLANG_WARN_EMPTY_BODY = YES;
				CLANG_WARN_ENUM_CONVERSION = YES;
				CLANG_WARN_INFINITE_RECURSION = YES;
				CLANG_WARN_INT_CONVERSION = YES;
				CLANG_WARN_NON_LITERAL_NULL_CONVERSION = YES;
				CLANG_WARN_OBJC_IMPLICIT_RETAIN_SELF = YES;
				CLANG_WARN_OBJC_LITERAL_CONVERSION = YES;
				CLANG_WARN_OBJC_ROOT_CLASS = YES_ERROR;
				CLANG_WARN_QUOTED_INCLUDE_IN_FRAMEWORK_HEADER = YES;
				CLANG_WARN_RANGE_LOOP_ANALYSIS = YES;
				CLANG_WARN_STRICT_PROTOTYPES = YES;
				CLANG_WARN_SUSPICIOUS_MOVE = YES;
				CLANG_WARN_UNGUARDED_AVAILABILITY = YES_AGGRESSIVE;
				CLANG_WARN_UNREACHABLE_CODE = YES;
				CLANG_WARN__DUPLICATE_METHOD_MATCH = YES;
				COPY_PHASE_STRIP = NO;
				DEBUG_INFORMATION_FORMAT = "dwarf-with-dsym";
				ENABLE_NS_ASSERTIONS = NO;
				ENABLE_STRICT_OBJC_MSGSEND = YES;
				GCC_C_LANGUAGE_STANDARD = gnu11;
				GCC_NO_COMMON_BLOCKS = YES;
				GCC_WARN_64_TO_32_BIT_CONVERSION = YES;
				GCC_WARN_ABOUT_RETURN_TYPE = YES_ERROR;
				GCC_WARN_UNDECLARED_SELECTOR = YES;
				GCC_WARN_UNINITIALIZED_AUTOS = YES_AGGRESSIVE;
				GCC_WARN_UNUSED_FUNCTION = YES;
				GCC_WARN_UNUSED_VARIABLE = YES;
				IPHONEOS_DEPLOYMENT_TARGET = 16.0;
				MTL_ENABLE_DEBUG_INFO = NO;
				MTL_FAST_MATH = YES;
				SDKROOT = iphoneos;
				SWIFT_COMPILATION_MODE = wholemodule;
				SWIFT_OPTIMIZATION_LEVEL = "-O";
				VALIDATE_PRODUCT = YES;
			};
			name = Release;
		};
		6F81A43A2A908E490087F543 /* Debug */ = {
			isa = XCBuildConfiguration;
			buildSettings = {
				ASSETCATALOG_COMPILER_APPICON_NAME = AppIcon;
				ASSETCATALOG_COMPILER_GLOBAL_ACCENT_COLOR_NAME = AccentColor;
				CODE_SIGN_STYLE = Automatic;
				CURRENT_PROJECT_VERSION = 1;
				DEVELOPMENT_ASSET_PATHS = "\"TimeBox/Preview Content\"";
				DEVELOPMENT_TEAM = Q988G87L89;
				ENABLE_PREVIEWS = YES;
				GENERATE_INFOPLIST_FILE = YES;
				INFOPLIST_KEY_UIApplicationSceneManifest_Generation = YES;
				INFOPLIST_KEY_UIApplicationSupportsIndirectInputEvents = YES;
				INFOPLIST_KEY_UILaunchScreen_Generation = YES;
				INFOPLIST_KEY_UISupportedInterfaceOrientations_iPad = "UIInterfaceOrientationPortrait UIInterfaceOrientationPortraitUpsideDown UIInterfaceOrientationLandscapeLeft UIInterfaceOrientationLandscapeRight";
				INFOPLIST_KEY_UISupportedInterfaceOrientations_iPhone = "UIInterfaceOrientationPortrait UIInterfaceOrientationLandscapeLeft UIInterfaceOrientationLandscapeRight";
				IPHONEOS_DEPLOYMENT_TARGET = 16.0;
				LD_RUNPATH_SEARCH_PATHS = (
					"$(inherited)",
					"@executable_path/Frameworks",
				);
				MARKETING_VERSION = 1.0;
				PRODUCT_BUNDLE_IDENTIFIER = junyng.TimeBox;
				PRODUCT_NAME = "$(TARGET_NAME)";
				SWIFT_EMIT_LOC_STRINGS = YES;
				SWIFT_VERSION = 5.0;
				TARGETED_DEVICE_FAMILY = "1,2";
			};
			name = Debug;
		};
		6F81A43B2A908E490087F543 /* Release */ = {
			isa = XCBuildConfiguration;
			buildSettings = {
				ASSETCATALOG_COMPILER_APPICON_NAME = AppIcon;
				ASSETCATALOG_COMPILER_GLOBAL_ACCENT_COLOR_NAME = AccentColor;
				CODE_SIGN_STYLE = Automatic;
				CURRENT_PROJECT_VERSION = 1;
				DEVELOPMENT_ASSET_PATHS = "\"TimeBox/Preview Content\"";
				DEVELOPMENT_TEAM = Q988G87L89;
				ENABLE_PREVIEWS = YES;
				GENERATE_INFOPLIST_FILE = YES;
				INFOPLIST_KEY_UIApplicationSceneManifest_Generation = YES;
				INFOPLIST_KEY_UIApplicationSupportsIndirectInputEvents = YES;
				INFOPLIST_KEY_UILaunchScreen_Generation = YES;
				INFOPLIST_KEY_UISupportedInterfaceOrientations_iPad = "UIInterfaceOrientationPortrait UIInterfaceOrientationPortraitUpsideDown UIInterfaceOrientationLandscapeLeft UIInterfaceOrientationLandscapeRight";
				INFOPLIST_KEY_UISupportedInterfaceOrientations_iPhone = "UIInterfaceOrientationPortrait UIInterfaceOrientationLandscapeLeft UIInterfaceOrientationLandscapeRight";
				IPHONEOS_DEPLOYMENT_TARGET = 16.0;
				LD_RUNPATH_SEARCH_PATHS = (
					"$(inherited)",
					"@executable_path/Frameworks",
				);
				MARKETING_VERSION = 1.0;
				PRODUCT_BUNDLE_IDENTIFIER = junyng.TimeBox;
				PRODUCT_NAME = "$(TARGET_NAME)";
				SWIFT_EMIT_LOC_STRINGS = YES;
				SWIFT_VERSION = 5.0;
				TARGETED_DEVICE_FAMILY = "1,2";
			};
			name = Release;
		};
/* End XCBuildConfiguration section */

/* Begin XCConfigurationList section */
		6F81A4262A908E480087F543 /* Build configuration list for PBXProject "TimeBox" */ = {
			isa = XCConfigurationList;
			buildConfigurations = (
				6F81A4372A908E490087F543 /* Debug */,
				6F81A4382A908E490087F543 /* Release */,
			);
			defaultConfigurationIsVisible = 0;
			defaultConfigurationName = Release;
		};
		6F81A4392A908E490087F543 /* Build configuration list for PBXNativeTarget "TimeBox" */ = {
			isa = XCConfigurationList;
			buildConfigurations = (
				6F81A43A2A908E490087F543 /* Debug */,
				6F81A43B2A908E490087F543 /* Release */,
			);
			defaultConfigurationIsVisible = 0;
			defaultConfigurationName = Release;
		};
/* End XCConfigurationList section */

/* Begin XCRemoteSwiftPackageReference section */
		6F81A43C2A9097C40087F543 /* XCRemoteSwiftPackageReference "swift-composable-architecture" */ = {
			isa = XCRemoteSwiftPackageReference;
			repositoryURL = "https://github.com/pointfreeco/swift-composable-architecture";
			requirement = {
				kind = upToNextMajorVersion;
				minimumVersion = 1.0.0;
			};
		};
/* End XCRemoteSwiftPackageReference section */

/* Begin XCSwiftPackageProductDependency section */
		6F81A43D2A9097C40087F543 /* ComposableArchitecture */ = {
			isa = XCSwiftPackageProductDependency;
			package = 6F81A43C2A9097C40087F543 /* XCRemoteSwiftPackageReference "swift-composable-architecture" */;
			productName = ComposableArchitecture;
		};
/* End XCSwiftPackageProductDependency section */
	};
	rootObject = 6F81A4232A908E480087F543 /* Project object */;
}
